// !$*UTF8*$!
{
	archiveVersion = 1;
	classes = {
	};
	objectVersion = 46;
	objects = {

/* Begin PBXBuildFile section */
		E042899D1C4A3C5200472ACA /* shuffle.swift in Sources */ = {isa = PBXBuildFile; fileRef = E042899C1C4A3C5200472ACA /* shuffle.swift */; };
		E075A4CC1C49D9FF004928BA /* AppDelegate.swift in Sources */ = {isa = PBXBuildFile; fileRef = E075A4CB1C49D9FF004928BA /* AppDelegate.swift */; };
		E075A4CE1C49D9FF004928BA /* ViewController.swift in Sources */ = {isa = PBXBuildFile; fileRef = E075A4CD1C49D9FF004928BA /* ViewController.swift */; };
		E075A4D11C49D9FF004928BA /* Main.storyboard in Resources */ = {isa = PBXBuildFile; fileRef = E075A4CF1C49D9FF004928BA /* Main.storyboard */; };
		E075A4D31C49D9FF004928BA /* Assets.xcassets in Resources */ = {isa = PBXBuildFile; fileRef = E075A4D21C49D9FF004928BA /* Assets.xcassets */; };
		E075A4D61C49D9FF004928BA /* LaunchScreen.storyboard in Resources */ = {isa = PBXBuildFile; fileRef = E075A4D41C49D9FF004928BA /* LaunchScreen.storyboard */; };
/* End PBXBuildFile section */

/* Begin PBXFileReference section */
		E042899C1C4A3C5200472ACA /* shuffle.swift */ = {isa = PBXFileReference; fileEncoding = 4; lastKnownFileType = sourcecode.swift; path = shuffle.swift; sourceTree = "<group>"; };
		E075A4C81C49D9FF004928BA /* Project2.app */ = {isa = PBXFileReference; explicitFileType = wrapper.application; includeInIndex = 0; path = Project2.app; sourceTree = BUILT_PRODUCTS_DIR; };
		E075A4CB1C49D9FF004928BA /* AppDelegate.swift */ = {isa = PBXFileReference; lastKnownFileType = sourcecode.swift; path = AppDelegate.swift; sourceTree = "<group>"; };
		E075A4CD1C49D9FF004928BA /* ViewController.swift */ = {isa = PBXFileReference; lastKnownFileType = sourcecode.swift; path = ViewController.swift; sourceTree = "<group>"; };
		E075A4D01C49D9FF004928BA /* Base */ = {isa = PBXFileReference; lastKnownFileType = file.storyboard; name = Base; path = Base.lproj/Main.storyboard; sourceTree = "<group>"; };
		E075A4D21C49D9FF004928BA /* Assets.xcassets */ = {isa = PBXFileReference; lastKnownFileType = folder.assetcatalog; path = Assets.xcassets; sourceTree = "<group>"; };
		E075A4D51C49D9FF004928BA /* Base */ = {isa = PBXFileReference; lastKnownFileType = file.storyboard; name = Base; path = Base.lproj/LaunchScreen.storyboard; sourceTree = "<group>"; };
		E075A4D71C49D9FF004928BA /* Info.plist */ = {isa = PBXFileReference; lastKnownFileType = text.plist.xml; path = Info.plist; sourceTree = "<group>"; };
/* End PBXFileReference section */

/* Begin PBXFrameworksBuildPhase section */
		E075A4C51C49D9FF004928BA /* Frameworks */ = {
			isa = PBXFrameworksBuildPhase;
			buildActionMask = 2147483647;
			files = (
			);
			runOnlyForDeploymentPostprocessing = 0;
		};
/* End PBXFrameworksBuildPhase section */

/* Begin PBXGroup section */
		E075A4BF1C49D9FF004928BA = {
			isa = PBXGroup;
			children = (
				E075A4CA1C49D9FF004928BA /* Project2 */,
				E075A4C91C49D9FF004928BA /* Products */,
			);
			sourceTree = "<group>";
		};
		E075A4C91C49D9FF004928BA /* Products */ = {
			isa = PBXGroup;
			children = (
				E075A4C81C49D9FF004928BA /* Project2.app */,
			);
			name = Products;
			sourceTree = "<group>";
		};
		E075A4CA1C49D9FF004928BA /* Project2 */ = {
			isa = PBXGroup;
			children = (
				E075A4CB1C49D9FF004928BA /* AppDelegate.swift */,
				E075A4CD1C49D9FF004928BA /* ViewController.swift */,
				E075A4CF1C49D9FF004928BA /* Main.storyboard */,
				E075A4D21C49D9FF004928BA /* Assets.xcassets */,
				E075A4D41C49D9FF004928BA /* LaunchScreen.storyboard */,
				E075A4D71C49D9FF004928BA /* Info.plist */,
				E042899C1C4A3C5200472ACA /* shuffle.swift */,
			);
			path = Project2;
			sourceTree = "<group>";
		};
/* End PBXGroup section */

/* Begin PBXNativeTarget section */
		E075A4C71C49D9FF004928BA /* Project2 */ = {
			isa = PBXNativeTarget;
			buildConfigurationList = E075A4DA1C49D9FF004928BA /* Build configuration list for PBXNativeTarget "Project2" */;
			buildPhases = (
				E075A4C41C49D9FF004928BA /* Sources */,
				E075A4C51C49D9FF004928BA /* Frameworks */,
				E075A4C61C49D9FF004928BA /* Resources */,
			);
			buildRules = (
			);
			dependencies = (
			);
			name = Project2;
			productName = Project2;
			productReference = E075A4C81C49D9FF004928BA /* Project2.app */;
			productType = "com.apple.product-type.application";
		};
/* End PBXNativeTarget section */

/* Begin PBXProject section */
		E075A4C01C49D9FF004928BA /* Project object */ = {
			isa = PBXProject;
			attributes = {
				LastSwiftUpdateCheck = 0710;
				LastUpgradeCheck = 0710;
				ORGANIZATIONNAME = jimmychain;
				TargetAttributes = {
					E075A4C71C49D9FF004928BA = {
						CreatedOnToolsVersion = 7.1.1;
						DevelopmentTeam = F6CR9YYV5D;
					};
				};
			};
			buildConfigurationList = E075A4C31C49D9FF004928BA /* Build configuration list for PBXProject "Project2" */;
			compatibilityVersion = "Xcode 3.2";
			developmentRegion = English;
			hasScannedForEncodings = 0;
			knownRegions = (
				en,
				Base,
			);
			mainGroup = E075A4BF1C49D9FF004928BA;
			productRefGroup = E075A4C91C49D9FF004928BA /* Products */;
			projectDirPath = "";
			projectRoot = "";
			targets = (
				E075A4C71C49D9FF004928BA /* Project2 */,
			);
		};
/* End PBXProject section */

/* Begin PBXResourcesBuildPhase section */
		E075A4C61C49D9FF004928BA /* Resources */ = {
			isa = PBXResourcesBuildPhase;
			buildActionMask = 2147483647;
			files = (
				E075A4D61C49D9FF004928BA /* LaunchScreen.storyboard in Resources */,
				E075A4D31C49D9FF004928BA /* Assets.xcassets in Resources */,
				E075A4D11C49D9FF004928BA /* Main.storyboard in Resources */,
			);
			runOnlyForDeploymentPostprocessing = 0;
		};
/* End PBXResourcesBuildPhase section */

/* Begin PBXSourcesBuildPhase section */
		E075A4C41C49D9FF004928BA /* Sources */ = {
			isa = PBXSourcesBuildPhase;
			buildActionMask = 2147483647;
			files = (
				E075A4CE1C49D9FF004928BA /* ViewController.swift in Sources */,
				E075A4CC1C49D9FF004928BA /* AppDelegate.swift in Sources */,
				E042899D1C4A3C5200472ACA /* shuffle.swift in Sources */,
			);
			runOnlyForDeploymentPostprocessing = 0;
		};
/* End PBXSourcesBuildPhase section */

/* Begin PBXVariantGroup section */
		E075A4CF1C49D9FF004928BA /* Main.storyboard */ = {
			isa = PBXVariantGroup;
			children = (
				E075A4D01C49D9FF004928BA /* Base */,
			);
			name = Main.storyboard;
			sourceTree = "<group>";
		};
		E075A4D41C49D9FF004928BA /* LaunchScreen.storyboard */ = {
			isa = PBXVariantGroup;
			children = (
				E075A4D51C49D9FF004928BA /* Base */,
			);
			name = LaunchScreen.storyboard;
			sourceTree = "<group>";
		};
/* End PBXVariantGroup section */

/* Begin XCBuildConfiguration section */
		E075A4D81C49D9FF004928BA /* Debug */ = {
			isa = XCBuildConfiguration;
			buildSettings = {
				ALWAYS_SEARCH_USER_PATHS = NO;
				CLANG_CXX_LANGUAGE_STANDARD = "gnu++0x";
				CLANG_CXX_LIBRARY = "libc++";
				CLANG_ENABLE_MODULES = YES;
				CLANG_ENABLE_OBJC_ARC = YES;
				CLANG_WARN_BOOL_CONVERSION = YES;
				CLANG_WARN_CONSTANT_CONVERSION = YES;
				CLANG_WARN_DIRECT_OBJC_ISA_USAGE = YES_ERROR;
				CLANG_WARN_EMPTY_BODY = YES;
				CLANG_WARN_ENUM_CONVERSION = YES;
				CLANG_WARN_INT_CONVERSION = YES;
				CLANG_WARN_OBJC_ROOT_CLASS = YES_ERROR;
				CLANG_WARN_UNREACHABLE_CODE = YES;
				CLANG_WARN__DUPLICATE_METHOD_MATCH = YES;
				"CODE_SIGN_IDENTITY[sdk=iphoneos*]" = "iPhone Developer";
				COPY_PHASE_STRIP = NO;
				DEBUG_INFORMATION_FORMAT = dwarf;
				ENABLE_STRICT_OBJC_MSGSEND = YES;
				ENABLE_TESTABILITY = YES;
				GCC_C_LANGUAGE_STANDARD = gnu99;
				GCC_DYNAMIC_NO_PIC = NO;
				GCC_NO_COMMON_BLOCKS = YES;
				GCC_OPTIMIZATION_LEVEL = 0;
				GCC_PREPROCESSOR_DEFINITIONS = (
					"DEBUG=1",
					"$(inherited)",
				);
				GCC_WARN_64_TO_32_BIT_CONVERSION = YES;
				GCC_WARN_ABOUT_RETURN_TYPE = YES_ERROR;
				GCC_WARN_UNDECLARED_SELECTOR = YES;
				GCC_WARN_UNINITIALIZED_AUTOS = YES_AGGRESSIVE;
				GCC_WARN_UNUSED_FUNCTION = YES;
				GCC_WARN_UNUSED_VARIABLE = YES;
				IPHONEOS_DEPLOYMENT_TARGET = 9.1;
				MTL_ENABLE_DEBUG_INFO = YES;
				ONLY_ACTIVE_ARCH = YES;
				SDKROOT = iphoneos;
				SWIFT_OPTIMIZATION_LEVEL = "-Onone";
			};
			name = Debug;
		};
		E075A4D91C49D9FF004928BA /* Release */ = {
			isa = XCBuildConfiguration;
			buildSettings = {
				ALWAYS_SEARCH_USER_PATHS = NO;
				CLANG_CXX_LANGUAGE_STANDARD = "gnu++0x";
				CLANG_CXX_LIBRARY = "libc++";
				CLANG_ENABLE_MODULES = YES;
				CLANG_ENABLE_OBJC_ARC = YES;
				CLANG_WARN_BOOL_CONVERSION = YES;
				CLANG_WARN_CONSTANT_CONVERSION = YES;
				CLANG_WARN_DIRECT_OBJC_ISA_USAGE = YES_ERROR;
				CLANG_WARN_EMPTY_BODY = YES;
				CLANG_WARN_ENUM_CONVERSION = YES;
				CLANG_WARN_INT_CONVERSION = YES;
				CLANG_WARN_OBJC_ROOT_CLASS = YES_ERROR;
				CLANG_WARN_UNREACHABLE_CODE = YES;
				CLANG_WARN__DUPLICATE_METHOD_MATCH = YES;
				"CODE_SIGN_IDENTITY[sdk=iphoneos*]" = "iPhone Developer";
				COPY_PHASE_STRIP = NO;
				DEBUG_INFORMATION_FORMAT = "dwarf-with-dsym";
				ENABLE_NS_ASSERTIONS = NO;
				ENABLE_STRICT_OBJC_MSGSEND = YES;
				GCC_C_LANGUAGE_STANDARD = gnu99;
				GCC_NO_COMMON_BLOCKS = YES;
				GCC_WARN_64_TO_32_BIT_CONVERSION = YES;
				GCC_WARN_ABOUT_RETURN_TYPE = YES_ERROR;
				GCC_WARN_UNDECLARED_SELECTOR = YES;
				GCC_WARN_UNINITIALIZED_AUTOS = YES_AGGRESSIVE;
				GCC_WARN_UNUSED_FUNCTION = YES;
				GCC_WARN_UNUSED_VARIABLE = YES;
				IPHONEOS_DEPLOYMENT_TARGET = 9.1;
				MTL_ENABLE_DEBUG_INFO = NO;
				SDKROOT = iphoneos;
				VALIDATE_PRODUCT = YES;
			};
			name = Release;
		};
		E075A4DB1C49D9FF004928BA /* Debug */ = {
			isa = XCBuildConfiguration;
			buildSettings = {
				ASSETCATALOG_COMPILER_APPICON_NAME = AppIcon;
				CODE_SIGN_IDENTITY = "iPhone Developer";
				"CODE_SIGN_IDENTITY[sdk=iphoneos*]" = "iPhone Developer";
				INFOPLIST_FILE = Project2/Info.plist;
				LD_RUNPATH_SEARCH_PATHS = "$(inherited) @executable_path/Frameworks";
				PRODUCT_BUNDLE_IDENTIFIER = com.qgm.Project2;
				PRODUCT_NAME = "$(TARGET_NAME)";
				PROVISIONING_PROFILE = "";
			};
			name = Debug;
		};
		E075A4DC1C49D9FF004928BA /* Release */ = {
			isa = XCBuildConfiguration;
			buildSettings = {
				ASSETCATALOG_COMPILER_APPICON_NAME = AppIcon;
				CODE_SIGN_IDENTITY = "iPhone Developer";
				"CODE_SIGN_IDENTITY[sdk=iphoneos*]" = "iPhone Developer";
				INFOPLIST_FILE = Project2/Info.plist;
				LD_RUNPATH_SEARCH_PATHS = "$(inherited) @executable_path/Frameworks";
				PRODUCT_BUNDLE_IDENTIFIER = com.qgm.Project2;
				PRODUCT_NAME = "$(TARGET_NAME)";
				PROVISIONING_PROFILE = "";
			};
			name = Release;
		};
/* End XCBuildConfiguration section */

/* Begin XCConfigurationList section */
		E075A4C31C49D9FF004928BA /* Build configuration list for PBXProject "Project2" */ = {
			isa = XCConfigurationList;
			buildConfigurations = (
				E075A4D81C49D9FF004928BA /* Debug */,
				E075A4D91C49D9FF004928BA /* Release */,
			);
			defaultConfigurationIsVisible = 0;
			defaultConfigurationName = Release;
		};
		E075A4DA1C49D9FF004928BA /* Build configuration list for PBXNativeTarget "Project2" */ = {
			isa = XCConfigurationList;
			buildConfigurations = (
				E075A4DB1C49D9FF004928BA /* Debug */,
				E075A4DC1C49D9FF004928BA /* Release */,
			);
			defaultConfigurationIsVisible = 0;
			defaultConfigurationName = Release;
		};
/* End XCConfigurationList section */
	};
	rootObject = E075A4C01C49D9FF004928BA /* Project object */;
}
